
Microsoft Visual Studio Solution File, Format Version 12.00
# Visual Studio Version 17
VisualStudioVersion = 17.14.36804.6 d17.14
MinimumVisualStudioVersion = 10.0.40219.1
Project("{FAE04EC0-301F-11D3-BF4B-00C04F79EFBC}") = "NYPproje", "NYPproje\NYPproje.csproj", "{00698FCD-3776-4CD1-8F8E-F112D86010A8}"
EndProject
Global
	GlobalSection(SolutionConfigurationPlatforms) = preSolution
		Debug|Any CPU = Debug|Any CPU
		Release|Any CPU = Release|Any CPU
	EndGlobalSection
	GlobalSection(ProjectConfigurationPlatforms) = postSolution
		{00698FCD-3776-4CD1-8F8E-F112D86010A8}.Debug|Any CPU.ActiveCfg = Debug|Any CPU
		{00698FCD-3776-4CD1-8F8E-F112D86010A8}.Debug|Any CPU.Build.0 = Debug|Any CPU
		{00698FCD-3776-4CD1-8F8E-F112D86010A8}.Release|Any CPU.ActiveCfg = Release|Any CPU
		{00698FCD-3776-4CD1-8F8E-F112D86010A8}.Release|Any CPU.Build.0 = Release|Any CPU
	EndGlobalSection
	GlobalSection(SolutionProperties) = preSolution
		HideSolutionNode = FALSE
	EndGlobalSection
	GlobalSection(ExtensibilityGlobals) = postSolution
		SolutionGuid = {70C637F7-742E-42D1-9253-F0EDC9B32D92}
	EndGlobalSection
EndGlobal
